{
  "name": "dipl",
  "version": "1.0.0",
  "lockfileVersion": 1,
  "requires": true,
  "dependencies": {
    "singularitygs": {
      "version": "1.8.0",
      "resolved": "https://registry.npmjs.org/singularitygs/-/singularitygs-1.8.0.tgz",
      "integrity": "sha1-cVk/bNglJJJueWBihNhW3YfY/vs=",
      "dev": true
    }
  }
}
